
Microsoft Visual Studio Solution File, Format Version 12.00
# Visual Studio Version 17
VisualStudioVersion = 17.13.35825.156 d17.13
MinimumVisualStudioVersion = 10.0.40219.1
Project("{FAE04EC0-301F-11D3-BF4B-00C04F79EFBC}") = "MAUI", "MAUI\MAUI.csproj", "{C7EC39AF-2488-4BCF-995C-BEB3B1899842}"
EndProject
Project("{FAE04EC0-301F-11D3-BF4B-00C04F79EFBC}") = "ENT", "ENT\ENT.csproj", "{DBD34EB5-3E6B-491A-89E5-EEBA8E620F9C}"
EndProject
Project("{FAE04EC0-301F-11D3-BF4B-00C04F79EFBC}") = "DAL", "DAL\DAL.csproj", "{71B70255-B011-49FF-BC28-4A63D236BB73}"
EndProject
Project("{FAE04EC0-301F-11D3-BF4B-00C04F79EFBC}") = "BL", "BL\BL.csproj", "{A0B600DA-AF2F-4F0E-BB94-04AC1308DB22}"
EndProject
Global
	GlobalSection(SolutionConfigurationPlatforms) = preSolution
		Debug|Any CPU = Debug|Any CPU
		Release|Any CPU = Release|Any CPU
	EndGlobalSection
	GlobalSection(ProjectConfigurationPlatforms) = postSolution
		{C7EC39AF-2488-4BCF-995C-BEB3B1899842}.Debug|Any CPU.ActiveCfg = Debug|Any CPU
		{C7EC39AF-2488-4BCF-995C-BEB3B1899842}.Debug|Any CPU.Build.0 = Debug|Any CPU
		{C7EC39AF-2488-4BCF-995C-BEB3B1899842}.Debug|Any CPU.Deploy.0 = Debug|Any CPU
		{C7EC39AF-2488-4BCF-995C-BEB3B1899842}.Release|Any CPU.ActiveCfg = Release|Any CPU
		{C7EC39AF-2488-4BCF-995C-BEB3B1899842}.Release|Any CPU.Build.0 = Release|Any CPU
		{C7EC39AF-2488-4BCF-995C-BEB3B1899842}.Release|Any CPU.Deploy.0 = Release|Any CPU
		{DBD34EB5-3E6B-491A-89E5-EEBA8E620F9C}.Debug|Any CPU.ActiveCfg = Debug|Any CPU
		{DBD34EB5-3E6B-491A-89E5-EEBA8E620F9C}.Debug|Any CPU.Build.0 = Debug|Any CPU
		{DBD34EB5-3E6B-491A-89E5-EEBA8E620F9C}.Release|Any CPU.ActiveCfg = Release|Any CPU
		{DBD34EB5-3E6B-491A-89E5-EEBA8E620F9C}.Release|Any CPU.Build.0 = Release|Any CPU
		{71B70255-B011-49FF-BC28-4A63D236BB73}.Debug|Any CPU.ActiveCfg = Debug|Any CPU
		{71B70255-B011-49FF-BC28-4A63D236BB73}.Debug|Any CPU.Build.0 = Debug|Any CPU
		{71B70255-B011-49FF-BC28-4A63D236BB73}.Release|Any CPU.ActiveCfg = Release|Any CPU
		{71B70255-B011-49FF-BC28-4A63D236BB73}.Release|Any CPU.Build.0 = Release|Any CPU
		{A0B600DA-AF2F-4F0E-BB94-04AC1308DB22}.Debug|Any CPU.ActiveCfg = Debug|Any CPU
		{A0B600DA-AF2F-4F0E-BB94-04AC1308DB22}.Debug|Any CPU.Build.0 = Debug|Any CPU
		{A0B600DA-AF2F-4F0E-BB94-04AC1308DB22}.Release|Any CPU.ActiveCfg = Release|Any CPU
		{A0B600DA-AF2F-4F0E-BB94-04AC1308DB22}.Release|Any CPU.Build.0 = Release|Any CPU
	EndGlobalSection
	GlobalSection(SolutionProperties) = preSolution
		HideSolutionNode = FALSE
	EndGlobalSection
	GlobalSection(ExtensibilityGlobals) = postSolution
		SolutionGuid = {AA6BD415-032F-4658-94BE-34AB59B5306F}
	EndGlobalSection
EndGlobal
