
Microsoft Visual Studio Solution File, Format Version 12.00
# Visual Studio Version 17
VisualStudioVersion = 17.14.36109.1 d17.14
MinimumVisualStudioVersion = 10.0.40219.1
Project("{FAE04EC0-301F-11D3-BF4B-00C04F79EFBC}") = "ASP", "ASP\ASP.csproj", "{F6ED2FD7-3F6C-400E-AE81-AD0C2850B233}"
EndProject
Project("{FAE04EC0-301F-11D3-BF4B-00C04F79EFBC}") = "ENT", "ENT\ENT.csproj", "{C06CBDD2-E5F3-407E-9FC3-DB64952C09E3}"
EndProject
Project("{FAE04EC0-301F-11D3-BF4B-00C04F79EFBC}") = "DAL", "DAL\DAL.csproj", "{AE12A4BC-E610-492A-B50C-6441C720F625}"
EndProject
Project("{FAE04EC0-301F-11D3-BF4B-00C04F79EFBC}") = "BL", "BL\BL.csproj", "{A87F62BA-35A8-4E8E-B7CD-D0D2570A5F7E}"
EndProject
Global
	GlobalSection(SolutionConfigurationPlatforms) = preSolution
		Debug|Any CPU = Debug|Any CPU
		Release|Any CPU = Release|Any CPU
	EndGlobalSection
	GlobalSection(ProjectConfigurationPlatforms) = postSolution
		{F6ED2FD7-3F6C-400E-AE81-AD0C2850B233}.Debug|Any CPU.ActiveCfg = Debug|Any CPU
		{F6ED2FD7-3F6C-400E-AE81-AD0C2850B233}.Debug|Any CPU.Build.0 = Debug|Any CPU
		{F6ED2FD7-3F6C-400E-AE81-AD0C2850B233}.Release|Any CPU.ActiveCfg = Release|Any CPU
		{F6ED2FD7-3F6C-400E-AE81-AD0C2850B233}.Release|Any CPU.Build.0 = Release|Any CPU
		{C06CBDD2-E5F3-407E-9FC3-DB64952C09E3}.Debug|Any CPU.ActiveCfg = Debug|Any CPU
		{C06CBDD2-E5F3-407E-9FC3-DB64952C09E3}.Debug|Any CPU.Build.0 = Debug|Any CPU
		{C06CBDD2-E5F3-407E-9FC3-DB64952C09E3}.Release|Any CPU.ActiveCfg = Release|Any CPU
		{C06CBDD2-E5F3-407E-9FC3-DB64952C09E3}.Release|Any CPU.Build.0 = Release|Any CPU
		{AE12A4BC-E610-492A-B50C-6441C720F625}.Debug|Any CPU.ActiveCfg = Debug|Any CPU
		{AE12A4BC-E610-492A-B50C-6441C720F625}.Debug|Any CPU.Build.0 = Debug|Any CPU
		{AE12A4BC-E610-492A-B50C-6441C720F625}.Release|Any CPU.ActiveCfg = Release|Any CPU
		{AE12A4BC-E610-492A-B50C-6441C720F625}.Release|Any CPU.Build.0 = Release|Any CPU
		{A87F62BA-35A8-4E8E-B7CD-D0D2570A5F7E}.Debug|Any CPU.ActiveCfg = Debug|Any CPU
		{A87F62BA-35A8-4E8E-B7CD-D0D2570A5F7E}.Debug|Any CPU.Build.0 = Debug|Any CPU
		{A87F62BA-35A8-4E8E-B7CD-D0D2570A5F7E}.Release|Any CPU.ActiveCfg = Release|Any CPU
		{A87F62BA-35A8-4E8E-B7CD-D0D2570A5F7E}.Release|Any CPU.Build.0 = Release|Any CPU
	EndGlobalSection
	GlobalSection(SolutionProperties) = preSolution
		HideSolutionNode = FALSE
	EndGlobalSection
	GlobalSection(ExtensibilityGlobals) = postSolution
		SolutionGuid = {49F47579-927E-4C55-8B14-728D43095318}
	EndGlobalSection
EndGlobal
