
Microsoft Visual Studio Solution File, Format Version 12.00
# Visual Studio Version 17
VisualStudioVersion = 17.14.36109.1
MinimumVisualStudioVersion = 10.0.40219.1
Project("{FAE04EC0-301F-11D3-BF4B-00C04F79EFBC}") = "MauiPersonas", "MauiPersonas\MauiPersonas.csproj", "{A2512C04-1632-4E94-87E9-42A8C3E0659E}"
EndProject
Project("{FAE04EC0-301F-11D3-BF4B-00C04F79EFBC}") = "ENT", "ENT\ENT.csproj", "{79055713-D784-4ACC-8AFA-1392DAE2F52C}"
EndProject
Project("{FAE04EC0-301F-11D3-BF4B-00C04F79EFBC}") = "DAL", "DAL\DAL.csproj", "{EF9FE634-7764-4969-AB2B-2B4E31C44982}"
EndProject
Project("{FAE04EC0-301F-11D3-BF4B-00C04F79EFBC}") = "BL", "BL\BL.csproj", "{3983FA00-1724-4A1D-85BD-F79B117EB55A}"
EndProject
Global
	GlobalSection(SolutionConfigurationPlatforms) = preSolution
		Debug|Any CPU = Debug|Any CPU
		Release|Any CPU = Release|Any CPU
	EndGlobalSection
	GlobalSection(ProjectConfigurationPlatforms) = postSolution
		{A2512C04-1632-4E94-87E9-42A8C3E0659E}.Debug|Any CPU.ActiveCfg = Debug|Any CPU
		{A2512C04-1632-4E94-87E9-42A8C3E0659E}.Debug|Any CPU.Build.0 = Debug|Any CPU
		{A2512C04-1632-4E94-87E9-42A8C3E0659E}.Debug|Any CPU.Deploy.0 = Debug|Any CPU
		{A2512C04-1632-4E94-87E9-42A8C3E0659E}.Release|Any CPU.ActiveCfg = Release|Any CPU
		{A2512C04-1632-4E94-87E9-42A8C3E0659E}.Release|Any CPU.Build.0 = Release|Any CPU
		{A2512C04-1632-4E94-87E9-42A8C3E0659E}.Release|Any CPU.Deploy.0 = Release|Any CPU
		{79055713-D784-4ACC-8AFA-1392DAE2F52C}.Debug|Any CPU.ActiveCfg = Debug|Any CPU
		{79055713-D784-4ACC-8AFA-1392DAE2F52C}.Debug|Any CPU.Build.0 = Debug|Any CPU
		{79055713-D784-4ACC-8AFA-1392DAE2F52C}.Release|Any CPU.ActiveCfg = Release|Any CPU
		{79055713-D784-4ACC-8AFA-1392DAE2F52C}.Release|Any CPU.Build.0 = Release|Any CPU
		{EF9FE634-7764-4969-AB2B-2B4E31C44982}.Debug|Any CPU.ActiveCfg = Debug|Any CPU
		{EF9FE634-7764-4969-AB2B-2B4E31C44982}.Debug|Any CPU.Build.0 = Debug|Any CPU
		{EF9FE634-7764-4969-AB2B-2B4E31C44982}.Release|Any CPU.ActiveCfg = Release|Any CPU
		{EF9FE634-7764-4969-AB2B-2B4E31C44982}.Release|Any CPU.Build.0 = Release|Any CPU
		{3983FA00-1724-4A1D-85BD-F79B117EB55A}.Debug|Any CPU.ActiveCfg = Debug|Any CPU
		{3983FA00-1724-4A1D-85BD-F79B117EB55A}.Debug|Any CPU.Build.0 = Debug|Any CPU
		{3983FA00-1724-4A1D-85BD-F79B117EB55A}.Release|Any CPU.ActiveCfg = Release|Any CPU
		{3983FA00-1724-4A1D-85BD-F79B117EB55A}.Release|Any CPU.Build.0 = Release|Any CPU
	EndGlobalSection
	GlobalSection(SolutionProperties) = preSolution
		HideSolutionNode = FALSE
	EndGlobalSection
	GlobalSection(ExtensibilityGlobals) = postSolution
		SolutionGuid = {7E5A4CC5-CA4C-488E-BA0F-CA5129E67905}
	EndGlobalSection
EndGlobal
